
Microsoft Visual Studio Solution File, Format Version 12.00
# Visual Studio Version 17
VisualStudioVersion = 17.1.32328.378
MinimumVisualStudioVersion = 10.0.40219.1
Project("{FAE04EC0-301F-11D3-BF4B-00C04F79EFBC}") = "CurrencyConverterApp", "CurrencyConverterApp\CurrencyConverterApp.csproj", "{46E50701-AACF-47B3-B12E-7B7420B85BAB}"
EndProject
Global
	GlobalSection(SolutionConfigurationPlatforms) = preSolution
		Debug|Any CPU = Debug|Any CPU
		Release|Any CPU = Release|Any CPU
	EndGlobalSection
	GlobalSection(ProjectConfigurationPlatforms) = postSolution
		{46E50701-AACF-47B3-B12E-7B7420B85BAB}.Debug|Any CPU.ActiveCfg = Debug|Any CPU
		{46E50701-AACF-47B3-B12E-7B7420B85BAB}.Debug|Any CPU.Build.0 = Debug|Any CPU
		{46E50701-AACF-47B3-B12E-7B7420B85BAB}.Release|Any CPU.ActiveCfg = Release|Any CPU
		{46E50701-AACF-47B3-B12E-7B7420B85BAB}.Release|Any CPU.Build.0 = Release|Any CPU
	EndGlobalSection
	GlobalSection(SolutionProperties) = preSolution
		HideSolutionNode = FALSE
	EndGlobalSection
	GlobalSection(ExtensibilityGlobals) = postSolution
		SolutionGuid = {A97C7D7F-9935-4D2B-8B4F-B29C7508E02A}
	EndGlobalSection
EndGlobal
